
Microsoft Visual Studio Solution File, Format Version 12.00
# Visual Studio Version 17
VisualStudioVersion = 17.14.36616.10 d17.14
MinimumVisualStudioVersion = 10.0.40219.1
Project("{FAE04EC0-301F-11D3-BF4B-00C04F79EFBC}") = "CC1_UtilityBillingSystem", "CC1_UtilityBillingSystem\CC1_UtilityBillingSystem.csproj", "{3990D715-5C04-4F1B-A402-0794D0655C0E}"
EndProject
Global
	GlobalSection(SolutionConfigurationPlatforms) = preSolution
		Debug|Any CPU = Debug|Any CPU
		Release|Any CPU = Release|Any CPU
	EndGlobalSection
	GlobalSection(ProjectConfigurationPlatforms) = postSolution
		{3990D715-5C04-4F1B-A402-0794D0655C0E}.Debug|Any CPU.ActiveCfg = Debug|Any CPU
		{3990D715-5C04-4F1B-A402-0794D0655C0E}.Debug|Any CPU.Build.0 = Debug|Any CPU
		{3990D715-5C04-4F1B-A402-0794D0655C0E}.Release|Any CPU.ActiveCfg = Release|Any CPU
		{3990D715-5C04-4F1B-A402-0794D0655C0E}.Release|Any CPU.Build.0 = Release|Any CPU
	EndGlobalSection
	GlobalSection(SolutionProperties) = preSolution
		HideSolutionNode = FALSE
	EndGlobalSection
	GlobalSection(ExtensibilityGlobals) = postSolution
		SolutionGuid = {B8C4D3FB-FC03-4725-A5E2-99DDBBE1A973}
	EndGlobalSection
EndGlobal
