
Microsoft Visual Studio Solution File, Format Version 12.00
# Visual Studio Version 17
VisualStudioVersion = 17.14.36616.10 d17.14
MinimumVisualStudioVersion = 10.0.40219.1
Project("{FAE04EC0-301F-11D3-BF4B-00C04F79EFBC}") = "WebApiAssessment1", "WebApiAssessment1.csproj", "{FC33CED9-549A-432C-9CE6-76A7A5591179}"
EndProject
Global
	GlobalSection(SolutionConfigurationPlatforms) = preSolution
		Debug|Any CPU = Debug|Any CPU
		Release|Any CPU = Release|Any CPU
	EndGlobalSection
	GlobalSection(ProjectConfigurationPlatforms) = postSolution
		{FC33CED9-549A-432C-9CE6-76A7A5591179}.Debug|Any CPU.ActiveCfg = Debug|Any CPU
		{FC33CED9-549A-432C-9CE6-76A7A5591179}.Debug|Any CPU.Build.0 = Debug|Any CPU
		{FC33CED9-549A-432C-9CE6-76A7A5591179}.Release|Any CPU.ActiveCfg = Release|Any CPU
		{FC33CED9-549A-432C-9CE6-76A7A5591179}.Release|Any CPU.Build.0 = Release|Any CPU
	EndGlobalSection
	GlobalSection(SolutionProperties) = preSolution
		HideSolutionNode = FALSE
	EndGlobalSection
	GlobalSection(ExtensibilityGlobals) = postSolution
		SolutionGuid = {489C8D57-B426-4729-8FAC-81D65100CF00}
	EndGlobalSection
EndGlobal
