
Microsoft Visual Studio Solution File, Format Version 12.00
# Visual Studio Version 17
VisualStudioVersion = 17.14.36616.10 d17.14
MinimumVisualStudioVersion = 10.0.40219.1
Project("{FAE04EC0-301F-11D3-BF4B-00C04F79EFBC}") = "EmployeeRecord1", "EmployeeRecord1\EmployeeRecord1.csproj", "{F4F75921-2F2B-4374-A87E-F96A58F93484}"
EndProject
Global
	GlobalSection(SolutionConfigurationPlatforms) = preSolution
		Debug|Any CPU = Debug|Any CPU
		Release|Any CPU = Release|Any CPU
	EndGlobalSection
	GlobalSection(ProjectConfigurationPlatforms) = postSolution
		{F4F75921-2F2B-4374-A87E-F96A58F93484}.Debug|Any CPU.ActiveCfg = Debug|Any CPU
		{F4F75921-2F2B-4374-A87E-F96A58F93484}.Debug|Any CPU.Build.0 = Debug|Any CPU
		{F4F75921-2F2B-4374-A87E-F96A58F93484}.Release|Any CPU.ActiveCfg = Release|Any CPU
		{F4F75921-2F2B-4374-A87E-F96A58F93484}.Release|Any CPU.Build.0 = Release|Any CPU
	EndGlobalSection
	GlobalSection(SolutionProperties) = preSolution
		HideSolutionNode = FALSE
	EndGlobalSection
	GlobalSection(ExtensibilityGlobals) = postSolution
		SolutionGuid = {B30E7DF4-CA12-4195-849D-2F804F1A970F}
	EndGlobalSection
EndGlobal
